
Microsoft Visual Studio Solution File, Format Version 12.00
# Visual Studio 15
VisualStudioVersion = 15.0.27428.2037
MinimumVisualStudioVersion = 10.0.40219.1
Project("{9A19103F-16F7-4668-BE54-9A1E7A4F7556}") = "CatFactory.UI.API.UnitTests", "CatFactory.UI.API.UnitTests\CatFactory.UI.API.UnitTests.csproj", "{22405E94-4521-4F38-AE96-3FFE9B31AE7A}"
EndProject
Project("{9A19103F-16F7-4668-BE54-9A1E7A4F7556}") = "CatFactory.UI.API", "CatFactory.UI.API\CatFactory.UI.API.csproj", "{D75620FE-EAF3-4385-8512-FD22FA2FBCA2}"
EndProject
Global
	GlobalSection(SolutionConfigurationPlatforms) = preSolution
		Debug|Any CPU = Debug|Any CPU
		Release|Any CPU = Release|Any CPU
	EndGlobalSection
	GlobalSection(ProjectConfigurationPlatforms) = postSolution
		{22405E94-4521-4F38-AE96-3FFE9B31AE7A}.Debug|Any CPU.ActiveCfg = Debug|Any CPU
		{22405E94-4521-4F38-AE96-3FFE9B31AE7A}.Debug|Any CPU.Build.0 = Debug|Any CPU
		{22405E94-4521-4F38-AE96-3FFE9B31AE7A}.Release|Any CPU.ActiveCfg = Release|Any CPU
		{22405E94-4521-4F38-AE96-3FFE9B31AE7A}.Release|Any CPU.Build.0 = Release|Any CPU
		{D75620FE-EAF3-4385-8512-FD22FA2FBCA2}.Debug|Any CPU.ActiveCfg = Debug|Any CPU
		{D75620FE-EAF3-4385-8512-FD22FA2FBCA2}.Debug|Any CPU.Build.0 = Debug|Any CPU
		{D75620FE-EAF3-4385-8512-FD22FA2FBCA2}.Release|Any CPU.ActiveCfg = Release|Any CPU
		{D75620FE-EAF3-4385-8512-FD22FA2FBCA2}.Release|Any CPU.Build.0 = Release|Any CPU
	EndGlobalSection
	GlobalSection(SolutionProperties) = preSolution
		HideSolutionNode = FALSE
	EndGlobalSection
	GlobalSection(ExtensibilityGlobals) = postSolution
		SolutionGuid = {EBFC6503-23D9-4625-AB0F-ECE7CFD6F2AF}
	EndGlobalSection
EndGlobal
