
Microsoft Visual Studio Solution File, Format Version 12.00
# Visual Studio Version 17
VisualStudioVersion = 17.0.31903.59
MinimumVisualStudioVersion = 10.0.40219.1
Project("{2150E333-8FDC-42A3-9474-1A3956D46DE8}") = "Source", "Source", "{3166E913-4F40-4C48-8D15-A00D06E44ECE}"
EndProject
Project("{FAE04EC0-301F-11D3-BF4B-00C04F79EFBC}") = "CatFactory.GUI.API", "Source\CatFactory.GUI.API\CatFactory.GUI.API.csproj", "{B39492AC-50AC-4805-A852-CF8F43A9F31D}"
EndProject
Global
	GlobalSection(SolutionConfigurationPlatforms) = preSolution
		Debug|Any CPU = Debug|Any CPU
		Release|Any CPU = Release|Any CPU
	EndGlobalSection
	GlobalSection(ProjectConfigurationPlatforms) = postSolution
		{B39492AC-50AC-4805-A852-CF8F43A9F31D}.Debug|Any CPU.ActiveCfg = Debug|Any CPU
		{B39492AC-50AC-4805-A852-CF8F43A9F31D}.Debug|Any CPU.Build.0 = Debug|Any CPU
		{B39492AC-50AC-4805-A852-CF8F43A9F31D}.Release|Any CPU.ActiveCfg = Release|Any CPU
		{B39492AC-50AC-4805-A852-CF8F43A9F31D}.Release|Any CPU.Build.0 = Release|Any CPU
	EndGlobalSection
	GlobalSection(SolutionProperties) = preSolution
		HideSolutionNode = FALSE
	EndGlobalSection
	GlobalSection(NestedProjects) = preSolution
		{B39492AC-50AC-4805-A852-CF8F43A9F31D} = {3166E913-4F40-4C48-8D15-A00D06E44ECE}
	EndGlobalSection
	GlobalSection(ExtensibilityGlobals) = postSolution
		SolutionGuid = {1DAE8E00-C5D3-4B67-BB9B-686866424AD1}
	EndGlobalSection
EndGlobal
